// !$*UTF8*$!
{
	archiveVersion = 1;
	classes = {
	};
	objectVersion = 56;
	objects = {

/* Begin PBXBuildFile section */
		6819C8462D39BFC6003303E4 /* AppDelegate.swift in Sources */ = {isa = PBXBuildFile; fileRef = 6819C8452D39BFC6003303E4 /* AppDelegate.swift */; };
		6819C8482D39BFC6003303E4 /* SceneDelegate.swift in Sources */ = {isa = PBXBuildFile; fileRef = 6819C8472D39BFC6003303E4 /* SceneDelegate.swift */; };
		6819C84A2D39BFC6003303E4 /* ViewController.swift in Sources */ = {isa = PBXBuildFile; fileRef = 6819C8492D39BFC6003303E4 /* ViewController.swift */; };
		6819C84D2D39BFC6003303E4 /* Base in Resources */ = {isa = PBXBuildFile; fileRef = 6819C84C2D39BFC6003303E4 /* Base */; };
		6819C84F2D39BFC7003303E4 /* Assets.xcassets in Resources */ = {isa = PBXBuildFile; fileRef = 6819C84E2D39BFC7003303E4 /* Assets.xcassets */; };
		6819C8522D39BFC7003303E4 /* Base in Resources */ = {isa = PBXBuildFile; fileRef = 6819C8512D39BFC7003303E4 /* Base */; };
		6819C85D2D39BFC7003303E4 /* IOS101_PreworkTests.swift in Sources */ = {isa = PBXBuildFile; fileRef = 6819C85C2D39BFC7003303E4 /* IOS101_PreworkTests.swift */; };
		6819C8672D39BFC7003303E4 /* IOS101_PreworkUITests.swift in Sources */ = {isa = PBXBuildFile; fileRef = 6819C8662D39BFC7003303E4 /* IOS101_PreworkUITests.swift */; };
		6819C8692D39BFC7003303E4 /* IOS101_PreworkUITestsLaunchTests.swift in Sources */ = {isa = PBXBuildFile; fileRef = 6819C8682D39BFC7003303E4 /* IOS101_PreworkUITestsLaunchTests.swift */; };
/* End PBXBuildFile section */

/* Begin PBXContainerItemProxy section */
		6819C8592D39BFC7003303E4 /* PBXContainerItemProxy */ = {
			isa = PBXContainerItemProxy;
			containerPortal = 6819C83A2D39BFC6003303E4 /* Project object */;
			proxyType = 1;
			remoteGlobalIDString = 6819C8412D39BFC6003303E4;
			remoteInfo = "IOS101-Prework";
		};
		6819C8632D39BFC7003303E4 /* PBXContainerItemProxy */ = {
			isa = PBXContainerItemProxy;
			containerPortal = 6819C83A2D39BFC6003303E4 /* Project object */;
			proxyType = 1;
			remoteGlobalIDString = 6819C8412D39BFC6003303E4;
			remoteInfo = "IOS101-Prework";
		};
/* End PBXContainerItemProxy section */

/* Begin PBXFileReference section */
		6819C8422D39BFC6003303E4 /* IOS101-Prework.app */ = {isa = PBXFileReference; explicitFileType = wrapper.application; includeInIndex = 0; path = "IOS101-Prework.app"; sourceTree = BUILT_PRODUCTS_DIR; };
		6819C8452D39BFC6003303E4 /* AppDelegate.swift */ = {isa = PBXFileReference; lastKnownFileType = sourcecode.swift; path = AppDelegate.swift; sourceTree = "<group>"; };
		6819C8472D39BFC6003303E4 /* SceneDelegate.swift */ = {isa = PBXFileReference; lastKnownFileType = sourcecode.swift; path = SceneDelegate.swift; sourceTree = "<group>"; };
		6819C8492D39BFC6003303E4 /* ViewController.swift */ = {isa = PBXFileReference; lastKnownFileType = sourcecode.swift; path = ViewController.swift; sourceTree = "<group>"; };
		6819C84C2D39BFC6003303E4 /* Base */ = {isa = PBXFileReference; lastKnownFileType = file.storyboard; name = Base; path = Base.lproj/Main.storyboard; sourceTree = "<group>"; };
		6819C84E2D39BFC7003303E4 /* Assets.xcassets */ = {isa = PBXFileReference; lastKnownFileType = folder.assetcatalog; path = Assets.xcassets; sourceTree = "<group>"; };
		6819C8512D39BFC7003303E4 /* Base */ = {isa = PBXFileReference; lastKnownFileType = file.storyboard; name = Base; path = Base.lproj/LaunchScreen.storyboard; sourceTree = "<group>"; };
		6819C8532D39BFC7003303E4 /* Info.plist */ = {isa = PBXFileReference; lastKnownFileType = text.plist.xml; path = Info.plist; sourceTree = "<group>"; };
		6819C8582D39BFC7003303E4 /* IOS101-PreworkTests.xctest */ = {isa = PBXFileReference; explicitFileType = wrapper.cfbundle; includeInIndex = 0; path = "IOS101-PreworkTests.xctest"; sourceTree = BUILT_PRODUCTS_DIR; };
		6819C85C2D39BFC7003303E4 /* IOS101_PreworkTests.swift */ = {isa = PBXFileReference; lastKnownFileType = sourcecode.swift; path = IOS101_PreworkTests.swift; sourceTree = "<group>"; };
		6819C8622D39BFC7003303E4 /* IOS101-PreworkUITests.xctest */ = {isa = PBXFileReference; explicitFileType = wrapper.cfbundle; includeInIndex = 0; path = "IOS101-PreworkUITests.xctest"; sourceTree = BUILT_PRODUCTS_DIR; };
		6819C8662D39BFC7003303E4 /* IOS101_PreworkUITests.swift */ = {isa = PBXFileReference; lastKnownFileType = sourcecode.swift; path = IOS101_PreworkUITests.swift; sourceTree = "<group>"; };
		6819C8682D39BFC7003303E4 /* IOS101_PreworkUITestsLaunchTests.swift */ = {isa = PBXFileReference; lastKnownFileType = sourcecode.swift; path = IOS101_PreworkUITestsLaunchTests.swift; sourceTree = "<group>"; };
/* End PBXFileReference section */

/* Begin PBXFrameworksBuildPhase section */
		6819C83F2D39BFC6003303E4 /* Frameworks */ = {
			isa = PBXFrameworksBuildPhase;
			buildActionMask = 2147483647;
			files = (
			);
			runOnlyForDeploymentPostprocessing = 0;
		};
		6819C8552D39BFC7003303E4 /* Frameworks */ = {
			isa = PBXFrameworksBuildPhase;
			buildActionMask = 2147483647;
			files = (
			);
			runOnlyForDeploymentPostprocessing = 0;
		};
		6819C85F2D39BFC7003303E4 /* Frameworks */ = {
			isa = PBXFrameworksBuildPhase;
			buildActionMask = 2147483647;
			files = (
			);
			runOnlyForDeploymentPostprocessing = 0;
		};
/* End PBXFrameworksBuildPhase section */

/* Begin PBXGroup section */
		6819C8392D39BFC6003303E4 = {
			isa = PBXGroup;
			children = (
				6819C8442D39BFC6003303E4 /* IOS101-Prework */,
				6819C85B2D39BFC7003303E4 /* IOS101-PreworkTests */,
				6819C8652D39BFC7003303E4 /* IOS101-PreworkUITests */,
				6819C8432D39BFC6003303E4 /* Products */,
			);
			sourceTree = "<group>";
		};
		6819C8432D39BFC6003303E4 /* Products */ = {
			isa = PBXGroup;
			children = (
				6819C8422D39BFC6003303E4 /* IOS101-Prework.app */,
				6819C8582D39BFC7003303E4 /* IOS101-PreworkTests.xctest */,
				6819C8622D39BFC7003303E4 /* IOS101-PreworkUITests.xctest */,
			);
			name = Products;
			sourceTree = "<group>";
		};
		6819C8442D39BFC6003303E4 /* IOS101-Prework */ = {
			isa = PBXGroup;
			children = (
				6819C8452D39BFC6003303E4 /* AppDelegate.swift */,
				6819C8472D39BFC6003303E4 /* SceneDelegate.swift */,
				6819C8492D39BFC6003303E4 /* ViewController.swift */,
				6819C84B2D39BFC6003303E4 /* Main.storyboard */,
				6819C84E2D39BFC7003303E4 /* Assets.xcassets */,
				6819C8502D39BFC7003303E4 /* LaunchScreen.storyboard */,
				6819C8532D39BFC7003303E4 /* Info.plist */,
			);
			path = "IOS101-Prework";
			sourceTree = "<group>";
		};
		6819C85B2D39BFC7003303E4 /* IOS101-PreworkTests */ = {
			isa = PBXGroup;
			children = (
				6819C85C2D39BFC7003303E4 /* IOS101_PreworkTests.swift */,
			);
			path = "IOS101-PreworkTests";
			sourceTree = "<group>";
		};
		6819C8652D39BFC7003303E4 /* IOS101-PreworkUITests */ = {
			isa = PBXGroup;
			children = (
				6819C8662D39BFC7003303E4 /* IOS101_PreworkUITests.swift */,
				6819C8682D39BFC7003303E4 /* IOS101_PreworkUITestsLaunchTests.swift */,
			);
			path = "IOS101-PreworkUITests";
			sourceTree = "<group>";
		};
/* End PBXGroup section */

/* Begin PBXNativeTarget section */
		6819C8412D39BFC6003303E4 /* IOS101-Prework */ = {
			isa = PBXNativeTarget;
			buildConfigurationList = 6819C86C2D39BFC7003303E4 /* Build configuration list for PBXNativeTarget "IOS101-Prework" */;
			buildPhases = (
				6819C83E2D39BFC6003303E4 /* Sources */,
				6819C83F2D39BFC6003303E4 /* Frameworks */,
				6819C8402D39BFC6003303E4 /* Resources */,
			);
			buildRules = (
			);
			dependencies = (
			);
			name = "IOS101-Prework";
			productName = "IOS101-Prework";
			productReference = 6819C8422D39BFC6003303E4 /* IOS101-Prework.app */;
			productType = "com.apple.product-type.application";
		};
		6819C8572D39BFC7003303E4 /* IOS101-PreworkTests */ = {
			isa = PBXNativeTarget;
			buildConfigurationList = 6819C86F2D39BFC7003303E4 /* Build configuration list for PBXNativeTarget "IOS101-PreworkTests" */;
			buildPhases = (
				6819C8542D39BFC7003303E4 /* Sources */,
				6819C8552D39BFC7003303E4 /* Frameworks */,
				6819C8562D39BFC7003303E4 /* Resources */,
			);
			buildRules = (
			);
			dependencies = (
				6819C85A2D39BFC7003303E4 /* PBXTargetDependency */,
			);
			name = "IOS101-PreworkTests";
			productName = "IOS101-PreworkTests";
			productReference = 6819C8582D39BFC7003303E4 /* IOS101-PreworkTests.xctest */;
			productType = "com.apple.product-type.bundle.unit-test";
		};
		6819C8612D39BFC7003303E4 /* IOS101-PreworkUITests */ = {
			isa = PBXNativeTarget;
			buildConfigurationList = 6819C8722D39BFC7003303E4 /* Build configuration list for PBXNativeTarget "IOS101-PreworkUITests" */;
			buildPhases = (
				6819C85E2D39BFC7003303E4 /* Sources */,
				6819C85F2D39BFC7003303E4 /* Frameworks */,
				6819C8602D39BFC7003303E4 /* Resources */,
			);
			buildRules = (
			);
			dependencies = (
				6819C8642D39BFC7003303E4 /* PBXTargetDependency */,
			);
			name = "IOS101-PreworkUITests";
			productName = "IOS101-PreworkUITests";
			productReference = 6819C8622D39BFC7003303E4 /* IOS101-PreworkUITests.xctest */;
			productType = "com.apple.product-type.bundle.ui-testing";
		};
/* End PBXNativeTarget section */

/* Begin PBXProject section */
		6819C83A2D39BFC6003303E4 /* Project object */ = {
			isa = PBXProject;
			attributes = {
				BuildIndependentTargetsInParallel = 1;
				LastSwiftUpdateCheck = 1530;
				LastUpgradeCheck = 1530;
				TargetAttributes = {
					6819C8412D39BFC6003303E4 = {
						CreatedOnToolsVersion = 15.3;
					};
					6819C8572D39BFC7003303E4 = {
						CreatedOnToolsVersion = 15.3;
						TestTargetID = 6819C8412D39BFC6003303E4;
					};
					6819C8612D39BFC7003303E4 = {
						CreatedOnToolsVersion = 15.3;
						TestTargetID = 6819C8412D39BFC6003303E4;
					};
				};
			};
			buildConfigurationList = 6819C83D2D39BFC6003303E4 /* Build configuration list for PBXProject "IOS101-Prework" */;
			compatibilityVersion = "Xcode 14.0";
			developmentRegion = en;
			hasScannedForEncodings = 0;
			knownRegions = (
				en,
				Base,
			);
			mainGroup = 6819C8392D39BFC6003303E4;
			productRefGroup = 6819C8432D39BFC6003303E4 /* Products */;
			projectDirPath = "";
			projectRoot = "";
			targets = (
				6819C8412D39BFC6003303E4 /* IOS101-Prework */,
				6819C8572D39BFC7003303E4 /* IOS101-PreworkTests */,
				6819C8612D39BFC7003303E4 /* IOS101-PreworkUITests */,
			);
		};
/* End PBXProject section */

/* Begin PBXResourcesBuildPhase section */
		6819C8402D39BFC6003303E4 /* Resources */ = {
			isa = PBXResourcesBuildPhase;
			buildActionMask = 2147483647;
			files = (
				6819C84F2D39BFC7003303E4 /* Assets.xcassets in Resources */,
				6819C8522D39BFC7003303E4 /* Base in Resources */,
				6819C84D2D39BFC6003303E4 /* Base in Resources */,
			);
			runOnlyForDeploymentPostprocessing = 0;
		};
		6819C8562D39BFC7003303E4 /* Resources */ = {
			isa = PBXResourcesBuildPhase;
			buildActionMask = 2147483647;
			files = (
			);
			runOnlyForDeploymentPostprocessing = 0;
		};
		6819C8602D39BFC7003303E4 /* Resources */ = {
			isa = PBXResourcesBuildPhase;
			buildActionMask = 2147483647;
			files = (
			);
			runOnlyForDeploymentPostprocessing = 0;
		};
/* End PBXResourcesBuildPhase section */

/* Begin PBXSourcesBuildPhase section */
		6819C83E2D39BFC6003303E4 /* Sources */ = {
			isa = PBXSourcesBuildPhase;
			buildActionMask = 2147483647;
			files = (
				6819C84A2D39BFC6003303E4 /* ViewController.swift in Sources */,
				6819C8462D39BFC6003303E4 /* AppDelegate.swift in Sources */,
				6819C8482D39BFC6003303E4 /* SceneDelegate.swift in Sources */,
			);
			runOnlyForDeploymentPostprocessing = 0;
		};
		6819C8542D39BFC7003303E4 /* Sources */ = {
			isa = PBXSourcesBuildPhase;
			buildActionMask = 2147483647;
			files = (
				6819C85D2D39BFC7003303E4 /* IOS101_PreworkTests.swift in Sources */,
			);
			runOnlyForDeploymentPostprocessing = 0;
		};
		6819C85E2D39BFC7003303E4 /* Sources */ = {
			isa = PBXSourcesBuildPhase;
			buildActionMask = 2147483647;
			files = (
				6819C8692D39BFC7003303E4 /* IOS101_PreworkUITestsLaunchTests.swift in Sources */,
				6819C8672D39BFC7003303E4 /* IOS101_PreworkUITests.swift in Sources */,
			);
			runOnlyForDeploymentPostprocessing = 0;
		};
/* End PBXSourcesBuildPhase section */

/* Begin PBXTargetDependency section */
		6819C85A2D39BFC7003303E4 /* PBXTargetDependency */ = {
			isa = PBXTargetDependency;
			target = 6819C8412D39BFC6003303E4 /* IOS101-Prework */;
			targetProxy = 6819C8592D39BFC7003303E4 /* PBXContainerItemProxy */;
		};
		6819C8642D39BFC7003303E4 /* PBXTargetDependency */ = {
			isa = PBXTargetDependency;
			target = 6819C8412D39BFC6003303E4 /* IOS101-Prework */;
			targetProxy = 6819C8632D39BFC7003303E4 /* PBXContainerItemProxy */;
		};
/* End PBXTargetDependency section */

/* Begin PBXVariantGroup section */
		6819C84B2D39BFC6003303E4 /* Main.storyboard */ = {
			isa = PBXVariantGroup;
			children = (
				6819C84C2D39BFC6003303E4 /* Base */,
			);
			name = Main.storyboard;
			sourceTree = "<group>";
		};
		6819C8502D39BFC7003303E4 /* LaunchScreen.storyboard */ = {
			isa = PBXVariantGroup;
			children = (
				6819C8512D39BFC7003303E4 /* Base */,
			);
			name = LaunchScreen.storyboard;
			sourceTree = "<group>";
		};
/* End PBXVariantGroup section */

/* Begin XCBuildConfiguration section */
		6819C86A2D39BFC7003303E4 /* Debug */ = {
			isa = XCBuildConfiguration;
			buildSettings = {
				ALWAYS_SEARCH_USER_PATHS = NO;
				ASSETCATALOG_COMPILER_GENERATE_SWIFT_ASSET_SYMBOL_EXTENSIONS = YES;
				CLANG_ANALYZER_NONNULL = YES;
				CLANG_ANALYZER_NUMBER_OBJECT_CONVERSION = YES_AGGRESSIVE;
				CLANG_CXX_LANGUAGE_STANDARD = "gnu++20";
				CLANG_ENABLE_MODULES = YES;
				CLANG_ENABLE_OBJC_ARC = YES;
				CLANG_ENABLE_OBJC_WEAK = YES;
				CLANG_WARN_BLOCK_CAPTURE_AUTORELEASING = YES;
				CLANG_WARN_BOOL_CONVERSION = YES;
				CLANG_WARN_COMMA = YES;
				CLANG_WARN_CONSTANT_CONVERSION = YES;
				CLANG_WARN_DEPRECATED_OBJC_IMPLEMENTATIONS = YES;
				CLANG_WARN_DIRECT_OBJC_ISA_USAGE = YES_ERROR;
				CLANG_WARN_DOCUMENTATION_COMMENTS = YES;
				CLANG_WARN_EMPTY_BODY = YES;
				CLANG_WARN_ENUM_CONVERSION = YES;
				CLANG_WARN_INFINITE_RECURSION = YES;
				CLANG_WARN_INT_CONVERSION = YES;
				CLANG_WARN_NON_LITERAL_NULL_CONVERSION = YES;
				CLANG_WARN_OBJC_IMPLICIT_RETAIN_SELF = YES;
				CLANG_WARN_OBJC_LITERAL_CONVERSION = YES;
				CLANG_WARN_OBJC_ROOT_CLASS = YES_ERROR;
				CLANG_WARN_QUOTED_INCLUDE_IN_FRAMEWORK_HEADER = YES;
				CLANG_WARN_RANGE_LOOP_ANALYSIS = YES;
				CLANG_WARN_STRICT_PROTOTYPES = YES;
				CLANG_WARN_SUSPICIOUS_MOVE = YES;
				CLANG_WARN_UNGUARDED_AVAILABILITY = YES_AGGRESSIVE;
				CLANG_WARN_UNREACHABLE_CODE = YES;
				CLANG_WARN__DUPLICATE_METHOD_MATCH = YES;
				COPY_PHASE_STRIP = NO;
				DEBUG_INFORMATION_FORMAT = dwarf;
				ENABLE_STRICT_OBJC_MSGSEND = YES;
				ENABLE_TESTABILITY = YES;
				ENABLE_USER_SCRIPT_SANDBOXING = YES;
				GCC_C_LANGUAGE_STANDARD = gnu17;
				GCC_DYNAMIC_NO_PIC = NO;
				GCC_NO_COMMON_BLOCKS = YES;
				GCC_OPTIMIZATION_LEVEL = 0;
				GCC_PREPROCESSOR_DEFINITIONS = (
					"DEBUG=1",
					"$(inherited)",
				);
				GCC_WARN_64_TO_32_BIT_CONVERSION = YES;
				GCC_WARN_ABOUT_RETURN_TYPE = YES_ERROR;
				GCC_WARN_UNDECLARED_SELECTOR = YES;
				GCC_WARN_UNINITIALIZED_AUTOS = YES_AGGRESSIVE;
				GCC_WARN_UNUSED_FUNCTION = YES;
				GCC_WARN_UNUSED_VARIABLE = YES;
				IPHONEOS_DEPLOYMENT_TARGET = 17.4;
				LOCALIZATION_PREFERS_STRING_CATALOGS = YES;
				MTL_ENABLE_DEBUG_INFO = INCLUDE_SOURCE;
				MTL_FAST_MATH = YES;
				ONLY_ACTIVE_ARCH = YES;
				SDKROOT = iphoneos;
				SWIFT_ACTIVE_COMPILATION_CONDITIONS = "DEBUG $(inherited)";
				SWIFT_OPTIMIZATION_LEVEL = "-Onone";
			};
			name = Debug;
		};
		6819C86B2D39BFC7003303E4 /* Release */ = {
			isa = XCBuildConfiguration;
			buildSettings = {
				ALWAYS_SEARCH_USER_PATHS = NO;
				ASSETCATALOG_COMPILER_GENERATE_SWIFT_ASSET_SYMBOL_EXTENSIONS = YES;
				CLANG_ANALYZER_NONNULL = YES;
				CLANG_ANALYZER_NUMBER_OBJECT_CONVERSION = YES_AGGRESSIVE;
				CLANG_CXX_LANGUAGE_STANDARD = "gnu++20";
				CLANG_ENABLE_MODULES = YES;
				CLANG_ENABLE_OBJC_ARC = YES;
				CLANG_ENABLE_OBJC_WEAK = YES;
				CLANG_WARN_BLOCK_CAPTURE_AUTORELEASING = YES;
				CLANG_WARN_BOOL_CONVERSION = YES;
				CLANG_WARN_COMMA = YES;
				CLANG_WARN_CONSTANT_CONVERSION = YES;
				CLANG_WARN_DEPRECATED_OBJC_IMPLEMENTATIONS = YES;
				CLANG_WARN_DIRECT_OBJC_ISA_USAGE = YES_ERROR;
				CLANG_WARN_DOCUMENTATION_COMMENTS = YES;
				CLANG_WARN_EMPTY_BODY = YES;
				CLANG_WARN_ENUM_CONVERSION = YES;
				CLANG_WARN_INFINITE_RECURSION = YES;
				CLANG_WARN_INT_CONVERSION = YES;
				CLANG_WARN_NON_LITERAL_NULL_CONVERSION = YES;
				CLANG_WARN_OBJC_IMPLICIT_RETAIN_SELF = YES;
				CLANG_WARN_OBJC_LITERAL_CONVERSION = YES;
				CLANG_WARN_OBJC_ROOT_CLASS = YES_ERROR;
				CLANG_WARN_QUOTED_INCLUDE_IN_FRAMEWORK_HEADER = YES;
				CLANG_WARN_RANGE_LOOP_ANALYSIS = YES;
				CLANG_WARN_STRICT_PROTOTYPES = YES;
				CLANG_WARN_SUSPICIOUS_MOVE = YES;
				CLANG_WARN_UNGUARDED_AVAILABILITY = YES_AGGRESSIVE;
				CLANG_WARN_UNREACHABLE_CODE = YES;
				CLANG_WARN__DUPLICATE_METHOD_MATCH = YES;
				COPY_PHASE_STRIP = NO;
				DEBUG_INFORMATION_FORMAT = "dwarf-with-dsym";
				ENABLE_NS_ASSERTIONS = NO;
				ENABLE_STRICT_OBJC_MSGSEND = YES;
				ENABLE_USER_SCRIPT_SANDBOXING = YES;
				GCC_C_LANGUAGE_STANDARD = gnu17;
				GCC_NO_COMMON_BLOCKS = YES;
				GCC_WARN_64_TO_32_BIT_CONVERSION = YES;
				GCC_WARN_ABOUT_RETURN_TYPE = YES_ERROR;
				GCC_WARN_UNDECLARED_SELECTOR = YES;
				GCC_WARN_UNINITIALIZED_AUTOS = YES_AGGRESSIVE;
				GCC_WARN_UNUSED_FUNCTION = YES;
				GCC_WARN_UNUSED_VARIABLE = YES;
				IPHONEOS_DEPLOYMENT_TARGET = 17.4;
				LOCALIZATION_PREFERS_STRING_CATALOGS = YES;
				MTL_ENABLE_DEBUG_INFO = NO;
				MTL_FAST_MATH = YES;
				SDKROOT = iphoneos;
				SWIFT_COMPILATION_MODE = wholemodule;
				VALIDATE_PRODUCT = YES;
			};
			name = Release;
		};
		6819C86D2D39BFC7003303E4 /* Debug */ = {
			isa = XCBuildConfiguration;
			buildSettings = {
				ASSETCATALOG_COMPILER_APPICON_NAME = AppIcon;
				ASSETCATALOG_COMPILER_GLOBAL_ACCENT_COLOR_NAME = AccentColor;
				CODE_SIGN_STYLE = Automatic;
				CURRENT_PROJECT_VERSION = 1;
				DEVELOPMENT_TEAM = C368DZU399;
				GENERATE_INFOPLIST_FILE = YES;
				INFOPLIST_FILE = "IOS101-Prework/Info.plist";
				INFOPLIST_KEY_UIApplicationSupportsIndirectInputEvents = YES;
				INFOPLIST_KEY_UILaunchStoryboardName = LaunchScreen;
				INFOPLIST_KEY_UIMainStoryboardFile = Main;
				INFOPLIST_KEY_UISupportedInterfaceOrientations_iPad = "UIInterfaceOrientationPortrait UIInterfaceOrientationPortraitUpsideDown UIInterfaceOrientationLandscapeLeft UIInterfaceOrientationLandscapeRight";
				INFOPLIST_KEY_UISupportedInterfaceOrientations_iPhone = "UIInterfaceOrientationPortrait UIInterfaceOrientationLandscapeLeft UIInterfaceOrientationLandscapeRight";
				LD_RUNPATH_SEARCH_PATHS = (
					"$(inherited)",
					"@executable_path/Frameworks",
				);
				MARKETING_VERSION = 1.0;
				PRODUCT_BUNDLE_IDENTIFIER = "LeoLiao.IOS101-Prework";
				PRODUCT_NAME = "$(TARGET_NAME)";
				SWIFT_EMIT_LOC_STRINGS = YES;
				SWIFT_VERSION = 5.0;
				TARGETED_DEVICE_FAMILY = "1,2";
			};
			name = Debug;
		};
		6819C86E2D39BFC7003303E4 /* Release */ = {
			isa = XCBuildConfiguration;
			buildSettings = {
				ASSETCATALOG_COMPILER_APPICON_NAME = AppIcon;
				ASSETCATALOG_COMPILER_GLOBAL_ACCENT_COLOR_NAME = AccentColor;
				CODE_SIGN_STYLE = Automatic;
				CURRENT_PROJECT_VERSION = 1;
				DEVELOPMENT_TEAM = C368DZU399;
				GENERATE_INFOPLIST_FILE = YES;
				INFOPLIST_FILE = "IOS101-Prework/Info.plist";
				INFOPLIST_KEY_UIApplicationSupportsIndirectInputEvents = YES;
				INFOPLIST_KEY_UILaunchStoryboardName = LaunchScreen;
				INFOPLIST_KEY_UIMainStoryboardFile = Main;
				INFOPLIST_KEY_UISupportedInterfaceOrientations_iPad = "UIInterfaceOrientationPortrait UIInterfaceOrientationPortraitUpsideDown UIInterfaceOrientationLandscapeLeft UIInterfaceOrientationLandscapeRight";
				INFOPLIST_KEY_UISupportedInterfaceOrientations_iPhone = "UIInterfaceOrientationPortrait UIInterfaceOrientationLandscapeLeft UIInterfaceOrientationLandscapeRight";
				LD_RUNPATH_SEARCH_PATHS = (
					"$(inherited)",
					"@executable_path/Frameworks",
				);
				MARKETING_VERSION = 1.0;
				PRODUCT_BUNDLE_IDENTIFIER = "LeoLiao.IOS101-Prework";
				PRODUCT_NAME = "$(TARGET_NAME)";
				SWIFT_EMIT_LOC_STRINGS = YES;
				SWIFT_VERSION = 5.0;
				TARGETED_DEVICE_FAMILY = "1,2";
			};
			name = Release;
		};
		6819C8702D39BFC7003303E4 /* Debug */ = {
			isa = XCBuildConfiguration;
			buildSettings = {
				ALWAYS_EMBED_SWIFT_STANDARD_LIBRARIES = YES;
				BUNDLE_LOADER = "$(TEST_HOST)";
				CODE_SIGN_STYLE = Automatic;
				CURRENT_PROJECT_VERSION = 1;
				DEVELOPMENT_TEAM = C368DZU399;
				GENERATE_INFOPLIST_FILE = YES;
				IPHONEOS_DEPLOYMENT_TARGET = 17.4;
				MARKETING_VERSION = 1.0;
				PRODUCT_BUNDLE_IDENTIFIER = "LeoLiao.IOS101-PreworkTests";
				PRODUCT_NAME = "$(TARGET_NAME)";
				SWIFT_EMIT_LOC_STRINGS = NO;
				SWIFT_VERSION = 5.0;
				TARGETED_DEVICE_FAMILY = "1,2";
				TEST_HOST = "$(BUILT_PRODUCTS_DIR)/IOS101-Prework.app/$(BUNDLE_EXECUTABLE_FOLDER_PATH)/IOS101-Prework";
			};
			name = Debug;
		};
		6819C8712D39BFC7003303E4 /* Release */ = {
			isa = XCBuildConfiguration;
			buildSettings = {
				ALWAYS_EMBED_SWIFT_STANDARD_LIBRARIES = YES;
				BUNDLE_LOADER = "$(TEST_HOST)";
				CODE_SIGN_STYLE = Automatic;
				CURRENT_PROJECT_VERSION = 1;
				DEVELOPMENT_TEAM = C368DZU399;
				GENERATE_INFOPLIST_FILE = YES;
				IPHONEOS_DEPLOYMENT_TARGET = 17.4;
				MARKETING_VERSION = 1.0;
				PRODUCT_BUNDLE_IDENTIFIER = "LeoLiao.IOS101-PreworkTests";
				PRODUCT_NAME = "$(TARGET_NAME)";
				SWIFT_EMIT_LOC_STRINGS = NO;
				SWIFT_VERSION = 5.0;
				TARGETED_DEVICE_FAMILY = "1,2";
				TEST_HOST = "$(BUILT_PRODUCTS_DIR)/IOS101-Prework.app/$(BUNDLE_EXECUTABLE_FOLDER_PATH)/IOS101-Prework";
			};
			name = Release;
		};
		6819C8732D39BFC7003303E4 /* Debug */ = {
			isa = XCBuildConfiguration;
			buildSettings = {
				ALWAYS_EMBED_SWIFT_STANDARD_LIBRARIES = YES;
				CODE_SIGN_STYLE = Automatic;
				CURRENT_PROJECT_VERSION = 1;
				DEVELOPMENT_TEAM = C368DZU399;
				GENERATE_INFOPLIST_FILE = YES;
				MARKETING_VERSION = 1.0;
				PRODUCT_BUNDLE_IDENTIFIER = "LeoLiao.IOS101-PreworkUITests";
				PRODUCT_NAME = "$(TARGET_NAME)";
				SWIFT_EMIT_LOC_STRINGS = NO;
				SWIFT_VERSION = 5.0;
				TARGETED_DEVICE_FAMILY = "1,2";
				TEST_TARGET_NAME = "IOS101-Prework";
			};
			name = Debug;
		};
		6819C8742D39BFC7003303E4 /* Release */ = {
			isa = XCBuildConfiguration;
			buildSettings = {
				ALWAYS_EMBED_SWIFT_STANDARD_LIBRARIES = YES;
				CODE_SIGN_STYLE = Automatic;
				CURRENT_PROJECT_VERSION = 1;
				DEVELOPMENT_TEAM = C368DZU399;
				GENERATE_INFOPLIST_FILE = YES;
				MARKETING_VERSION = 1.0;
				PRODUCT_BUNDLE_IDENTIFIER = "LeoLiao.IOS101-PreworkUITests";
				PRODUCT_NAME = "$(TARGET_NAME)";
				SWIFT_EMIT_LOC_STRINGS = NO;
				SWIFT_VERSION = 5.0;
				TARGETED_DEVICE_FAMILY = "1,2";
				TEST_TARGET_NAME = "IOS101-Prework";
			};
			name = Release;
		};
/* End XCBuildConfiguration section */

/* Begin XCConfigurationList section */
		6819C83D2D39BFC6003303E4 /* Build configuration list for PBXProject "IOS101-Prework" */ = {
			isa = XCConfigurationList;
			buildConfigurations = (
				6819C86A2D39BFC7003303E4 /* Debug */,
				6819C86B2D39BFC7003303E4 /* Release */,
			);
			defaultConfigurationIsVisible = 0;
			defaultConfigurationName = Release;
		};
		6819C86C2D39BFC7003303E4 /* Build configuration list for PBXNativeTarget "IOS101-Prework" */ = {
			isa = XCConfigurationList;
			buildConfigurations = (
				6819C86D2D39BFC7003303E4 /* Debug */,
				6819C86E2D39BFC7003303E4 /* Release */,
			);
			defaultConfigurationIsVisible = 0;
			defaultConfigurationName = Release;
		};
		6819C86F2D39BFC7003303E4 /* Build configuration list for PBXNativeTarget "IOS101-PreworkTests" */ = {
			isa = XCConfigurationList;
			buildConfigurations = (
				6819C8702D39BFC7003303E4 /* Debug */,
				6819C8712D39BFC7003303E4 /* Release */,
			);
			defaultConfigurationIsVisible = 0;
			defaultConfigurationName = Release;
		};
		6819C8722D39BFC7003303E4 /* Build configuration list for PBXNativeTarget "IOS101-PreworkUITests" */ = {
			isa = XCConfigurationList;
			buildConfigurations = (
				6819C8732D39BFC7003303E4 /* Debug */,
				6819C8742D39BFC7003303E4 /* Release */,
			);
			defaultConfigurationIsVisible = 0;
			defaultConfigurationName = Release;
		};
/* End XCConfigurationList section */
	};
	rootObject = 6819C83A2D39BFC6003303E4 /* Project object */;
}
